// !$*UTF8*$!
{
	archiveVersion = 1;
	classes = {
	};
	objectVersion = 46;
	objects = {

/* Begin PBXBuildFile section */
		1895D6CE1F64BD0B00A3D3CD /* ZJPlayer.m in Sources */ = {isa = PBXBuildFile; fileRef = 1895D6CD1F64BD0B00A3D3CD /* ZJPlayer.m */; };
		1895D6D21F64E6BD00A3D3CD /* ZJControlView.m in Sources */ = {isa = PBXBuildFile; fileRef = 1895D6D11F64E6BD00A3D3CD /* ZJControlView.m */; };
		18C204D71F68FFFD0043A18E /* ZJNavigationController.m in Sources */ = {isa = PBXBuildFile; fileRef = 18C204CE1F68FFFD0043A18E /* ZJNavigationController.m */; };
		18C204D81F68FFFD0043A18E /* ZJTabBar.m in Sources */ = {isa = PBXBuildFile; fileRef = 18C204D01F68FFFD0043A18E /* ZJTabBar.m */; };
		18C204D91F68FFFD0043A18E /* ZJTabBarButton.m in Sources */ = {isa = PBXBuildFile; fileRef = 18C204D21F68FFFD0043A18E /* ZJTabBarButton.m */; };
		18C204DA1F68FFFD0043A18E /* ZJTabBarController.m in Sources */ = {isa = PBXBuildFile; fileRef = 18C204D41F68FFFD0043A18E /* ZJTabBarController.m */; };
		18C204DB1F68FFFD0043A18E /* ZJTabBarItem.m in Sources */ = {isa = PBXBuildFile; fileRef = 18C204D61F68FFFD0043A18E /* ZJTabBarItem.m */; };
		18C204DE1F6900260043A18E /* MyTabBarController.m in Sources */ = {isa = PBXBuildFile; fileRef = 18C204DD1F6900260043A18E /* MyTabBarController.m */; };
		18C204E11F6900800043A18E /* VideoListController.m in Sources */ = {isa = PBXBuildFile; fileRef = 18C204E01F6900800043A18E /* VideoListController.m */; };
		18C204E41F690A410043A18E /* VideoListCell.m in Sources */ = {isa = PBXBuildFile; fileRef = 18C204E31F690A410043A18E /* VideoListCell.m */; };
		18C204E71F6911B00043A18E /* VideoList.m in Sources */ = {isa = PBXBuildFile; fileRef = 18C204E61F6911B00043A18E /* VideoList.m */; };
		18C204ED1F692AC60043A18E /* UIView+Player.m in Sources */ = {isa = PBXBuildFile; fileRef = 18C204EC1F692AC60043A18E /* UIView+Player.m */; };
		18C204F81F6A74F30043A18E /* ZJCacheTask.m in Sources */ = {isa = PBXBuildFile; fileRef = 18C204F71F6A74F30043A18E /* ZJCacheTask.m */; };
		18C205371F6B6B4C0043A18E /* ZJLoadingIndicator.m in Sources */ = {isa = PBXBuildFile; fileRef = 18C205361F6B6B4C0043A18E /* ZJLoadingIndicator.m */; };
		18C2053A1F6B71F30043A18E /* UIViewController+Player.m in Sources */ = {isa = PBXBuildFile; fileRef = 18C205391F6B71F30043A18E /* UIViewController+Player.m */; };
		18C4B5F21F5FF025002430E4 /* main.m in Sources */ = {isa = PBXBuildFile; fileRef = 18C4B5F11F5FF025002430E4 /* main.m */; };
		18C4B5F51F5FF025002430E4 /* AppDelegate.m in Sources */ = {isa = PBXBuildFile; fileRef = 18C4B5F41F5FF025002430E4 /* AppDelegate.m */; };
		18C4B5F81F5FF025002430E4 /* ViewController.m in Sources */ = {isa = PBXBuildFile; fileRef = 18C4B5F71F5FF025002430E4 /* ViewController.m */; };
		18C4B5FB1F5FF025002430E4 /* Main.storyboard in Resources */ = {isa = PBXBuildFile; fileRef = 18C4B5F91F5FF025002430E4 /* Main.storyboard */; };
		18C4B5FD1F5FF025002430E4 /* Assets.xcassets in Resources */ = {isa = PBXBuildFile; fileRef = 18C4B5FC1F5FF025002430E4 /* Assets.xcassets */; };
		18C4B6001F5FF025002430E4 /* LaunchScreen.storyboard in Resources */ = {isa = PBXBuildFile; fileRef = 18C4B5FE1F5FF025002430E4 /* LaunchScreen.storyboard */; };
		3840C09380C84C11938B886B /* Pods_ZJPlayer.framework in Frameworks */ = {isa = PBXBuildFile; fileRef = 361D498D03AAD591B5D34253 /* Pods_ZJPlayer.framework */; };
/* End PBXBuildFile section */

/* Begin PBXFileReference section */
		1895D6CC1F64BD0B00A3D3CD /* ZJPlayer.h */ = {isa = PBXFileReference; fileEncoding = 4; lastKnownFileType = sourcecode.c.h; path = ZJPlayer.h; sourceTree = "<group>"; };
		1895D6CD1F64BD0B00A3D3CD /* ZJPlayer.m */ = {isa = PBXFileReference; fileEncoding = 4; lastKnownFileType = sourcecode.c.objc; path = ZJPlayer.m; sourceTree = "<group>"; };
		1895D6CF1F64BD5400A3D3CD /* ZJCommonHeader.h */ = {isa = PBXFileReference; fileEncoding = 4; lastKnownFileType = sourcecode.c.h; path = ZJCommonHeader.h; sourceTree = "<group>"; };
		1895D6D01F64E6BD00A3D3CD /* ZJControlView.h */ = {isa = PBXFileReference; fileEncoding = 4; lastKnownFileType = sourcecode.c.h; path = ZJControlView.h; sourceTree = "<group>"; };
		1895D6D11F64E6BD00A3D3CD /* ZJControlView.m */ = {isa = PBXFileReference; fileEncoding = 4; lastKnownFileType = sourcecode.c.objc; path = ZJControlView.m; sourceTree = "<group>"; };
		18C204CD1F68FFFD0043A18E /* ZJNavigationController.h */ = {isa = PBXFileReference; fileEncoding = 4; lastKnownFileType = sourcecode.c.h; path = ZJNavigationController.h; sourceTree = "<group>"; };
		18C204CE1F68FFFD0043A18E /* ZJNavigationController.m */ = {isa = PBXFileReference; fileEncoding = 4; lastKnownFileType = sourcecode.c.objc; path = ZJNavigationController.m; sourceTree = "<group>"; };
		18C204CF1F68FFFD0043A18E /* ZJTabBar.h */ = {isa = PBXFileReference; fileEncoding = 4; lastKnownFileType = sourcecode.c.h; path = ZJTabBar.h; sourceTree = "<group>"; };
		18C204D01F68FFFD0043A18E /* ZJTabBar.m */ = {isa = PBXFileReference; fileEncoding = 4; lastKnownFileType = sourcecode.c.objc; path = ZJTabBar.m; sourceTree = "<group>"; };
		18C204D11F68FFFD0043A18E /* ZJTabBarButton.h */ = {isa = PBXFileReference; fileEncoding = 4; lastKnownFileType = sourcecode.c.h; path = ZJTabBarButton.h; sourceTree = "<group>"; };
		18C204D21F68FFFD0043A18E /* ZJTabBarButton.m */ = {isa = PBXFileReference; fileEncoding = 4; lastKnownFileType = sourcecode.c.objc; path = ZJTabBarButton.m; sourceTree = "<group>"; };
		18C204D31F68FFFD0043A18E /* ZJTabBarController.h */ = {isa = PBXFileReference; fileEncoding = 4; lastKnownFileType = sourcecode.c.h; path = ZJTabBarController.h; sourceTree = "<group>"; };
		18C204D41F68FFFD0043A18E /* ZJTabBarController.m */ = {isa = PBXFileReference; fileEncoding = 4; lastKnownFileType = sourcecode.c.objc; path = ZJTabBarController.m; sourceTree = "<group>"; };
		18C204D51F68FFFD0043A18E /* ZJTabBarItem.h */ = {isa = PBXFileReference; fileEncoding = 4; lastKnownFileType = sourcecode.c.h; path = ZJTabBarItem.h; sourceTree = "<group>"; };
		18C204D61F68FFFD0043A18E /* ZJTabBarItem.m */ = {isa = PBXFileReference; fileEncoding = 4; lastKnownFileType = sourcecode.c.objc; path = ZJTabBarItem.m; sourceTree = "<group>"; };
		18C204DC1F6900260043A18E /* MyTabBarController.h */ = {isa = PBXFileReference; fileEncoding = 4; lastKnownFileType = sourcecode.c.h; path = MyTabBarController.h; sourceTree = "<group>"; };
		18C204DD1F6900260043A18E /* MyTabBarController.m */ = {isa = PBXFileReference; fileEncoding = 4; lastKnownFileType = sourcecode.c.objc; path = MyTabBarController.m; sourceTree = "<group>"; };
		18C204DF1F6900800043A18E /* VideoListController.h */ = {isa = PBXFileReference; fileEncoding = 4; lastKnownFileType = sourcecode.c.h; path = VideoListController.h; sourceTree = "<group>"; };
		18C204E01F6900800043A18E /* VideoListController.m */ = {isa = PBXFileReference; fileEncoding = 4; lastKnownFileType = sourcecode.c.objc; path = VideoListController.m; sourceTree = "<group>"; };
		18C204E21F690A410043A18E /* VideoListCell.h */ = {isa = PBXFileReference; fileEncoding = 4; lastKnownFileType = sourcecode.c.h; path = VideoListCell.h; sourceTree = "<group>"; };
		18C204E31F690A410043A18E /* VideoListCell.m */ = {isa = PBXFileReference; fileEncoding = 4; lastKnownFileType = sourcecode.c.objc; path = VideoListCell.m; sourceTree = "<group>"; };
		18C204E51F6911B00043A18E /* VideoList.h */ = {isa = PBXFileReference; fileEncoding = 4; lastKnownFileType = sourcecode.c.h; path = VideoList.h; sourceTree = "<group>"; };
		18C204E61F6911B00043A18E /* VideoList.m */ = {isa = PBXFileReference; fileEncoding = 4; lastKnownFileType = sourcecode.c.objc; path = VideoList.m; sourceTree = "<group>"; };
		18C204EB1F692AC60043A18E /* UIView+Player.h */ = {isa = PBXFileReference; fileEncoding = 4; lastKnownFileType = sourcecode.c.h; path = "UIView+Player.h"; sourceTree = "<group>"; };
		18C204EC1F692AC60043A18E /* UIView+Player.m */ = {isa = PBXFileReference; fileEncoding = 4; lastKnownFileType = sourcecode.c.objc; path = "UIView+Player.m"; sourceTree = "<group>"; };
		18C204F61F6A74F30043A18E /* ZJCacheTask.h */ = {isa = PBXFileReference; fileEncoding = 4; lastKnownFileType = sourcecode.c.h; path = ZJCacheTask.h; sourceTree = "<group>"; };
		18C204F71F6A74F30043A18E /* ZJCacheTask.m */ = {isa = PBXFileReference; fileEncoding = 4; lastKnownFileType = sourcecode.c.objc; path = ZJCacheTask.m; sourceTree = "<group>"; };
		18C205261F6A8CA80043A18E /* SystemConfiguration.framework */ = {isa = PBXFileReference; lastKnownFileType = wrapper.framework; name = SystemConfiguration.framework; path = System/Library/Frameworks/SystemConfiguration.framework; sourceTree = SDKROOT; };
		18C205351F6B6B4C0043A18E /* ZJLoadingIndicator.h */ = {isa = PBXFileReference; fileEncoding = 4; lastKnownFileType = sourcecode.c.h; path = ZJLoadingIndicator.h; sourceTree = "<group>"; };
		18C205361F6B6B4C0043A18E /* ZJLoadingIndicator.m */ = {isa = PBXFileReference; fileEncoding = 4; lastKnownFileType = sourcecode.c.objc; path = ZJLoadingIndicator.m; sourceTree = "<group>"; };
		18C205381F6B71F30043A18E /* UIViewController+Player.h */ = {isa = PBXFileReference; fileEncoding = 4; lastKnownFileType = sourcecode.c.h; path = "UIViewController+Player.h"; sourceTree = "<group>"; };
		18C205391F6B71F30043A18E /* UIViewController+Player.m */ = {isa = PBXFileReference; fileEncoding = 4; lastKnownFileType = sourcecode.c.objc; path = "UIViewController+Player.m"; sourceTree = "<group>"; };
		18C4B5ED1F5FF025002430E4 /* ZJPlayer.app */ = {isa = PBXFileReference; explicitFileType = wrapper.application; includeInIndex = 0; path = ZJPlayer.app; sourceTree = BUILT_PRODUCTS_DIR; };
		18C4B5F11F5FF025002430E4 /* main.m */ = {isa = PBXFileReference; lastKnownFileType = sourcecode.c.objc; path = main.m; sourceTree = "<group>"; };
		18C4B5F31F5FF025002430E4 /* AppDelegate.h */ = {isa = PBXFileReference; lastKnownFileType = sourcecode.c.h; path = AppDelegate.h; sourceTree = "<group>"; };
		18C4B5F41F5FF025002430E4 /* AppDelegate.m */ = {isa = PBXFileReference; lastKnownFileType = sourcecode.c.objc; path = AppDelegate.m; sourceTree = "<group>"; };
		18C4B5F61F5FF025002430E4 /* ViewController.h */ = {isa = PBXFileReference; lastKnownFileType = sourcecode.c.h; path = ViewController.h; sourceTree = "<group>"; };
		18C4B5F71F5FF025002430E4 /* ViewController.m */ = {isa = PBXFileReference; lastKnownFileType = sourcecode.c.objc; path = ViewController.m; sourceTree = "<group>"; };
		18C4B5FA1F5FF025002430E4 /* Base */ = {isa = PBXFileReference; lastKnownFileType = file.storyboard; name = Base; path = Base.lproj/Main.storyboard; sourceTree = "<group>"; };
		18C4B5FC1F5FF025002430E4 /* Assets.xcassets */ = {isa = PBXFileReference; lastKnownFileType = folder.assetcatalog; path = Assets.xcassets; sourceTree = "<group>"; };
		18C4B5FF1F5FF025002430E4 /* Base */ = {isa = PBXFileReference; lastKnownFileType = file.storyboard; name = Base; path = Base.lproj/LaunchScreen.storyboard; sourceTree = "<group>"; };
		18C4B6011F5FF025002430E4 /* Info.plist */ = {isa = PBXFileReference; lastKnownFileType = text.plist.xml; path = Info.plist; sourceTree = "<group>"; };
		361D498D03AAD591B5D34253 /* Pods_ZJPlayer.framework */ = {isa = PBXFileReference; explicitFileType = wrapper.framework; includeInIndex = 0; path = Pods_ZJPlayer.framework; sourceTree = BUILT_PRODUCTS_DIR; };
		69EB192BACD32CA54F2F1785 /* Pods-ZJPlayer.debug.xcconfig */ = {isa = PBXFileReference; includeInIndex = 1; lastKnownFileType = text.xcconfig; name = "Pods-ZJPlayer.debug.xcconfig"; path = "Pods/Target Support Files/Pods-ZJPlayer/Pods-ZJPlayer.debug.xcconfig"; sourceTree = "<group>"; };
		D6246B24FA4627EE93BB656B /* Pods-ZJPlayer.release.xcconfig */ = {isa = PBXFileReference; includeInIndex = 1; lastKnownFileType = text.xcconfig; name = "Pods-ZJPlayer.release.xcconfig"; path = "Pods/Target Support Files/Pods-ZJPlayer/Pods-ZJPlayer.release.xcconfig"; sourceTree = "<group>"; };
/* End PBXFileReference section */

/* Begin PBXFrameworksBuildPhase section */
		18C4B5EA1F5FF025002430E4 /* Frameworks */ = {
			isa = PBXFrameworksBuildPhase;
			buildActionMask = 2147483647;
			files = (
				3840C09380C84C11938B886B /* Pods_ZJPlayer.framework in Frameworks */,
			);
			runOnlyForDeploymentPostprocessing = 0;
		};
/* End PBXFrameworksBuildPhase section */

/* Begin PBXGroup section */
		0740AE84A3A2CA100E9F6C30 /* Frameworks */ = {
			isa = PBXGroup;
			children = (
				18C205261F6A8CA80043A18E /* SystemConfiguration.framework */,
				361D498D03AAD591B5D34253 /* Pods_ZJPlayer.framework */,
			);
			name = Frameworks;
			sourceTree = "<group>";
		};
		0F52FC44998E2F6C33D2B52C /* Pods */ = {
			isa = PBXGroup;
			children = (
				69EB192BACD32CA54F2F1785 /* Pods-ZJPlayer.debug.xcconfig */,
				D6246B24FA4627EE93BB656B /* Pods-ZJPlayer.release.xcconfig */,
			);
			name = Pods;
			sourceTree = "<group>";
		};
		1895D6CB1F64BCE200A3D3CD /* ZJPlayer */ = {
			isa = PBXGroup;
			children = (
				1895D6CC1F64BD0B00A3D3CD /* ZJPlayer.h */,
				1895D6CD1F64BD0B00A3D3CD /* ZJPlayer.m */,
				1895D6D01F64E6BD00A3D3CD /* ZJControlView.h */,
				1895D6D11F64E6BD00A3D3CD /* ZJControlView.m */,
				18C205351F6B6B4C0043A18E /* ZJLoadingIndicator.h */,
				18C205361F6B6B4C0043A18E /* ZJLoadingIndicator.m */,
				18C204EB1F692AC60043A18E /* UIView+Player.h */,
				18C204EC1F692AC60043A18E /* UIView+Player.m */,
				18C205381F6B71F30043A18E /* UIViewController+Player.h */,
				18C205391F6B71F30043A18E /* UIViewController+Player.m */,
				1895D6CF1F64BD5400A3D3CD /* ZJCommonHeader.h */,
				18C204F61F6A74F30043A18E /* ZJCacheTask.h */,
				18C204F71F6A74F30043A18E /* ZJCacheTask.m */,
			);
			path = ZJPlayer;
			sourceTree = "<group>";
		};
		18C204CC1F68FFFD0043A18E /* ZJTabBar */ = {
			isa = PBXGroup;
			children = (
				18C204CD1F68FFFD0043A18E /* ZJNavigationController.h */,
				18C204CE1F68FFFD0043A18E /* ZJNavigationController.m */,
				18C204CF1F68FFFD0043A18E /* ZJTabBar.h */,
				18C204D01F68FFFD0043A18E /* ZJTabBar.m */,
				18C204D11F68FFFD0043A18E /* ZJTabBarButton.h */,
				18C204D21F68FFFD0043A18E /* ZJTabBarButton.m */,
				18C204D31F68FFFD0043A18E /* ZJTabBarController.h */,
				18C204D41F68FFFD0043A18E /* ZJTabBarController.m */,
				18C204D51F68FFFD0043A18E /* ZJTabBarItem.h */,
				18C204D61F68FFFD0043A18E /* ZJTabBarItem.m */,
			);
			path = ZJTabBar;
			sourceTree = "<group>";
		};
		18C4B5E41F5FF025002430E4 = {
			isa = PBXGroup;
			children = (
				18C4B5EF1F5FF025002430E4 /* ZJPlayer */,
				18C4B5EE1F5FF025002430E4 /* Products */,
				0F52FC44998E2F6C33D2B52C /* Pods */,
				0740AE84A3A2CA100E9F6C30 /* Frameworks */,
			);
			sourceTree = "<group>";
		};
		18C4B5EE1F5FF025002430E4 /* Products */ = {
			isa = PBXGroup;
			children = (
				18C4B5ED1F5FF025002430E4 /* ZJPlayer.app */,
			);
			name = Products;
			sourceTree = "<group>";
		};
		18C4B5EF1F5FF025002430E4 /* ZJPlayer */ = {
			isa = PBXGroup;
			children = (
				18C4B5F31F5FF025002430E4 /* AppDelegate.h */,
				18C4B5F41F5FF025002430E4 /* AppDelegate.m */,
				18C4B5F61F5FF025002430E4 /* ViewController.h */,
				18C4B5F71F5FF025002430E4 /* ViewController.m */,
				18C204DF1F6900800043A18E /* VideoListController.h */,
				18C204E01F6900800043A18E /* VideoListController.m */,
				18C204E21F690A410043A18E /* VideoListCell.h */,
				18C204E31F690A410043A18E /* VideoListCell.m */,
				18C204E51F6911B00043A18E /* VideoList.h */,
				18C204E61F6911B00043A18E /* VideoList.m */,
				18C204DC1F6900260043A18E /* MyTabBarController.h */,
				18C204DD1F6900260043A18E /* MyTabBarController.m */,
				18C204CC1F68FFFD0043A18E /* ZJTabBar */,
				1895D6CB1F64BCE200A3D3CD /* ZJPlayer */,
				18C4B5F91F5FF025002430E4 /* Main.storyboard */,
				18C4B5FC1F5FF025002430E4 /* Assets.xcassets */,
				18C4B5FE1F5FF025002430E4 /* LaunchScreen.storyboard */,
				18C4B6011F5FF025002430E4 /* Info.plist */,
				18C4B5F01F5FF025002430E4 /* Supporting Files */,
			);
			path = ZJPlayer;
			sourceTree = "<group>";
		};
		18C4B5F01F5FF025002430E4 /* Supporting Files */ = {
			isa = PBXGroup;
			children = (
				18C4B5F11F5FF025002430E4 /* main.m */,
			);
			name = "Supporting Files";
			sourceTree = "<group>";
		};
/* End PBXGroup section */

/* Begin PBXNativeTarget section */
		18C4B5EC1F5FF025002430E4 /* ZJPlayer */ = {
			isa = PBXNativeTarget;
			buildConfigurationList = 18C4B6041F5FF025002430E4 /* Build configuration list for PBXNativeTarget "ZJPlayer" */;
			buildPhases = (
				CF3802D17B4BB9433D806664 /* [CP] Check Pods Manifest.lock */,
				18C4B5E91F5FF025002430E4 /* Sources */,
				18C4B5EA1F5FF025002430E4 /* Frameworks */,
				18C4B5EB1F5FF025002430E4 /* Resources */,
				7970727BD8224B67F2316E4A /* [CP] Embed Pods Frameworks */,
				B9CB65B5D3E7F72208C95AD4 /* [CP] Copy Pods Resources */,
			);
			buildRules = (
			);
			dependencies = (
			);
			name = ZJPlayer;
			productName = ZJPlayer;
			productReference = 18C4B5ED1F5FF025002430E4 /* ZJPlayer.app */;
			productType = "com.apple.product-type.application";
		};
/* End PBXNativeTarget section */

/* Begin PBXProject section */
		18C4B5E51F5FF025002430E4 /* Project object */ = {
			isa = PBXProject;
			attributes = {
				LastUpgradeCheck = 0830;
				ORGANIZATIONNAME = "郑俱";
				TargetAttributes = {
					18C4B5EC1F5FF025002430E4 = {
						CreatedOnToolsVersion = 8.3.3;
						DevelopmentTeam = XX9353D4G7;
						ProvisioningStyle = Automatic;
					};
				};
			};
			buildConfigurationList = 18C4B5E81F5FF025002430E4 /* Build configuration list for PBXProject "ZJPlayer" */;
			compatibilityVersion = "Xcode 3.2";
			developmentRegion = English;
			hasScannedForEncodings = 0;
			knownRegions = (
				en,
				Base,
			);
			mainGroup = 18C4B5E41F5FF025002430E4;
			productRefGroup = 18C4B5EE1F5FF025002430E4 /* Products */;
			projectDirPath = "";
			projectRoot = "";
			targets = (
				18C4B5EC1F5FF025002430E4 /* ZJPlayer */,
			);
		};
/* End PBXProject section */

/* Begin PBXResourcesBuildPhase section */
		18C4B5EB1F5FF025002430E4 /* Resources */ = {
			isa = PBXResourcesBuildPhase;
			buildActionMask = 2147483647;
			files = (
				18C4B6001F5FF025002430E4 /* LaunchScreen.storyboard in Resources */,
				18C4B5FD1F5FF025002430E4 /* Assets.xcassets in Resources */,
				18C4B5FB1F5FF025002430E4 /* Main.storyboard in Resources */,
			);
			runOnlyForDeploymentPostprocessing = 0;
		};
/* End PBXResourcesBuildPhase section */

/* Begin PBXShellScriptBuildPhase section */
		7970727BD8224B67F2316E4A /* [CP] Embed Pods Frameworks */ = {
			isa = PBXShellScriptBuildPhase;
			buildActionMask = 2147483647;
			files = (
			);
			inputPaths = (
			);
			name = "[CP] Embed Pods Frameworks";
			outputPaths = (
			);
			runOnlyForDeploymentPostprocessing = 0;
			shellPath = /bin/sh;
			shellScript = "\"${SRCROOT}/Pods/Target Support Files/Pods-ZJPlayer/Pods-ZJPlayer-frameworks.sh\"\n";
			showEnvVarsInLog = 0;
		};
		B9CB65B5D3E7F72208C95AD4 /* [CP] Copy Pods Resources */ = {
			isa = PBXShellScriptBuildPhase;
			buildActionMask = 2147483647;
			files = (
			);
			inputPaths = (
			);
			name = "[CP] Copy Pods Resources";
			outputPaths = (
			);
			runOnlyForDeploymentPostprocessing = 0;
			shellPath = /bin/sh;
			shellScript = "\"${SRCROOT}/Pods/Target Support Files/Pods-ZJPlayer/Pods-ZJPlayer-resources.sh\"\n";
			showEnvVarsInLog = 0;
		};
		CF3802D17B4BB9433D806664 /* [CP] Check Pods Manifest.lock */ = {
			isa = PBXShellScriptBuildPhase;
			buildActionMask = 2147483647;
			files = (
			);
			inputPaths = (
			);
			name = "[CP] Check Pods Manifest.lock";
			outputPaths = (
			);
			runOnlyForDeploymentPostprocessing = 0;
			shellPath = /bin/sh;
			shellScript = "diff \"${PODS_PODFILE_DIR_PATH}/Podfile.lock\" \"${PODS_ROOT}/Manifest.lock\" > /dev/null\nif [ $? != 0 ] ; then\n    # print error to STDERR\n    echo \"error: The sandbox is not in sync with the Podfile.lock. Run 'pod install' or update your CocoaPods installation.\" >&2\n    exit 1\nfi\n";
			showEnvVarsInLog = 0;
		};
/* End PBXShellScriptBuildPhase section */

/* Begin PBXSourcesBuildPhase section */
		18C4B5E91F5FF025002430E4 /* Sources */ = {
			isa = PBXSourcesBuildPhase;
			buildActionMask = 2147483647;
			files = (
				18C204DA1F68FFFD0043A18E /* ZJTabBarController.m in Sources */,
				18C4B5F81F5FF025002430E4 /* ViewController.m in Sources */,
				18C204E41F690A410043A18E /* VideoListCell.m in Sources */,
				18C204F81F6A74F30043A18E /* ZJCacheTask.m in Sources */,
				18C204D71F68FFFD0043A18E /* ZJNavigationController.m in Sources */,
				18C204D81F68FFFD0043A18E /* ZJTabBar.m in Sources */,
				18C205371F6B6B4C0043A18E /* ZJLoadingIndicator.m in Sources */,
				18C204DB1F68FFFD0043A18E /* ZJTabBarItem.m in Sources */,
				18C4B5F51F5FF025002430E4 /* AppDelegate.m in Sources */,
				18C204E71F6911B00043A18E /* VideoList.m in Sources */,
				1895D6D21F64E6BD00A3D3CD /* ZJControlView.m in Sources */,
				18C2053A1F6B71F30043A18E /* UIViewController+Player.m in Sources */,
				18C204E11F6900800043A18E /* VideoListController.m in Sources */,
				1895D6CE1F64BD0B00A3D3CD /* ZJPlayer.m in Sources */,
				18C204ED1F692AC60043A18E /* UIView+Player.m in Sources */,
				18C4B5F21F5FF025002430E4 /* main.m in Sources */,
				18C204DE1F6900260043A18E /* MyTabBarController.m in Sources */,
				18C204D91F68FFFD0043A18E /* ZJTabBarButton.m in Sources */,
			);
			runOnlyForDeploymentPostprocessing = 0;
		};
/* End PBXSourcesBuildPhase section */

/* Begin PBXVariantGroup section */
		18C4B5F91F5FF025002430E4 /* Main.storyboard */ = {
			isa = PBXVariantGroup;
			children = (
				18C4B5FA1F5FF025002430E4 /* Base */,
			);
			name = Main.storyboard;
			sourceTree = "<group>";
		};
		18C4B5FE1F5FF025002430E4 /* LaunchScreen.storyboard */ = {
			isa = PBXVariantGroup;
			children = (
				18C4B5FF1F5FF025002430E4 /* Base */,
			);
			name = LaunchScreen.storyboard;
			sourceTree = "<group>";
		};
/* End PBXVariantGroup section */

/* Begin XCBuildConfiguration section */
		18C4B6021F5FF025002430E4 /* Debug */ = {
			isa = XCBuildConfiguration;
			buildSettings = {
				ALWAYS_SEARCH_USER_PATHS = NO;
				CLANG_ANALYZER_NONNULL = YES;
				CLANG_ANALYZER_NUMBER_OBJECT_CONVERSION = YES_AGGRESSIVE;
				CLANG_CXX_LANGUAGE_STANDARD = "gnu++0x";
				CLANG_CXX_LIBRARY = "libc++";
				CLANG_ENABLE_MODULES = YES;
				CLANG_ENABLE_OBJC_ARC = YES;
				CLANG_WARN_BOOL_CONVERSION = YES;
				CLANG_WARN_CONSTANT_CONVERSION = YES;
				CLANG_WARN_DIRECT_OBJC_ISA_USAGE = YES_ERROR;
				CLANG_WARN_DOCUMENTATION_COMMENTS = YES;
				CLANG_WARN_EMPTY_BODY = YES;
				CLANG_WARN_ENUM_CONVERSION = YES;
				CLANG_WARN_INFINITE_RECURSION = YES;
				CLANG_WARN_INT_CONVERSION = YES;
				CLANG_WARN_OBJC_ROOT_CLASS = YES_ERROR;
				CLANG_WARN_SUSPICIOUS_MOVE = YES;
				CLANG_WARN_UNREACHABLE_CODE = YES;
				CLANG_WARN__DUPLICATE_METHOD_MATCH = YES;
				"CODE_SIGN_IDENTITY[sdk=iphoneos*]" = "iPhone Developer";
				COPY_PHASE_STRIP = NO;
				DEBUG_INFORMATION_FORMAT = dwarf;
				ENABLE_STRICT_OBJC_MSGSEND = YES;
				ENABLE_TESTABILITY = YES;
				GCC_C_LANGUAGE_STANDARD = gnu99;
				GCC_DYNAMIC_NO_PIC = NO;
				GCC_NO_COMMON_BLOCKS = YES;
				GCC_OPTIMIZATION_LEVEL = 0;
				GCC_PREPROCESSOR_DEFINITIONS = (
					"DEBUG=1",
					"$(inherited)",
				);
				GCC_WARN_64_TO_32_BIT_CONVERSION = YES;
				GCC_WARN_ABOUT_RETURN_TYPE = YES_ERROR;
				GCC_WARN_UNDECLARED_SELECTOR = YES;
				GCC_WARN_UNINITIALIZED_AUTOS = YES_AGGRESSIVE;
				GCC_WARN_UNUSED_FUNCTION = YES;
				GCC_WARN_UNUSED_VARIABLE = YES;
				IPHONEOS_DEPLOYMENT_TARGET = 10.3;
				MTL_ENABLE_DEBUG_INFO = YES;
				ONLY_ACTIVE_ARCH = YES;
				SDKROOT = iphoneos;
				TARGETED_DEVICE_FAMILY = "1,2";
			};
			name = Debug;
		};
		18C4B6031F5FF025002430E4 /* Release */ = {
			isa = XCBuildConfiguration;
			buildSettings = {
				ALWAYS_SEARCH_USER_PATHS = NO;
				CLANG_ANALYZER_NONNULL = YES;
				CLANG_ANALYZER_NUMBER_OBJECT_CONVERSION = YES_AGGRESSIVE;
				CLANG_CXX_LANGUAGE_STANDARD = "gnu++0x";
				CLANG_CXX_LIBRARY = "libc++";
				CLANG_ENABLE_MODULES = YES;
				CLANG_ENABLE_OBJC_ARC = YES;
				CLANG_WARN_BOOL_CONVERSION = YES;
				CLANG_WARN_CONSTANT_CONVERSION = YES;
				CLANG_WARN_DIRECT_OBJC_ISA_USAGE = YES_ERROR;
				CLANG_WARN_DOCUMENTATION_COMMENTS = YES;
				CLANG_WARN_EMPTY_BODY = YES;
				CLANG_WARN_ENUM_CONVERSION = YES;
				CLANG_WARN_INFINITE_RECURSION = YES;
				CLANG_WARN_INT_CONVERSION = YES;
				CLANG_WARN_OBJC_ROOT_CLASS = YES_ERROR;
				CLANG_WARN_SUSPICIOUS_MOVE = YES;
				CLANG_WARN_UNREACHABLE_CODE = YES;
				CLANG_WARN__DUPLICATE_METHOD_MATCH = YES;
				"CODE_SIGN_IDENTITY[sdk=iphoneos*]" = "iPhone Developer";
				COPY_PHASE_STRIP = NO;
				DEBUG_INFORMATION_FORMAT = "dwarf-with-dsym";
				ENABLE_NS_ASSERTIONS = NO;
				ENABLE_STRICT_OBJC_MSGSEND = YES;
				GCC_C_LANGUAGE_STANDARD = gnu99;
				GCC_NO_COMMON_BLOCKS = YES;
				GCC_WARN_64_TO_32_BIT_CONVERSION = YES;
				GCC_WARN_ABOUT_RETURN_TYPE = YES_ERROR;
				GCC_WARN_UNDECLARED_SELECTOR = YES;
				GCC_WARN_UNINITIALIZED_AUTOS = YES_AGGRESSIVE;
				GCC_WARN_UNUSED_FUNCTION = YES;
				GCC_WARN_UNUSED_VARIABLE = YES;
				IPHONEOS_DEPLOYMENT_TARGET = 10.3;
				MTL_ENABLE_DEBUG_INFO = NO;
				SDKROOT = iphoneos;
				TARGETED_DEVICE_FAMILY = "1,2";
				VALIDATE_PRODUCT = YES;
			};
			name = Release;
		};
		18C4B6051F5FF025002430E4 /* Debug */ = {
			isa = XCBuildConfiguration;
			baseConfigurationReference = 69EB192BACD32CA54F2F1785 /* Pods-ZJPlayer.debug.xcconfig */;
			buildSettings = {
				ASSETCATALOG_COMPILER_APPICON_NAME = AppIcon;
				DEVELOPMENT_TEAM = XX9353D4G7;
				INFOPLIST_FILE = ZJPlayer/Info.plist;
				IPHONEOS_DEPLOYMENT_TARGET = 8.0;
				LD_RUNPATH_SEARCH_PATHS = "$(inherited) @executable_path/Frameworks";
				PRODUCT_BUNDLE_IDENTIFIER = zhegnju.ZJPlayer;
				PRODUCT_NAME = "$(TARGET_NAME)";
				TARGETED_DEVICE_FAMILY = 1;
			};
			name = Debug;
		};
		18C4B6061F5FF025002430E4 /* Release */ = {
			isa = XCBuildConfiguration;
			baseConfigurationReference = D6246B24FA4627EE93BB656B /* Pods-ZJPlayer.release.xcconfig */;
			buildSettings = {
				ASSETCATALOG_COMPILER_APPICON_NAME = AppIcon;
				DEVELOPMENT_TEAM = XX9353D4G7;
				INFOPLIST_FILE = ZJPlayer/Info.plist;
				IPHONEOS_DEPLOYMENT_TARGET = 8.0;
				LD_RUNPATH_SEARCH_PATHS = "$(inherited) @executable_path/Frameworks";
				PRODUCT_BUNDLE_IDENTIFIER = zhegnju.ZJPlayer;
				PRODUCT_NAME = "$(TARGET_NAME)";
				TARGETED_DEVICE_FAMILY = 1;
			};
			name = Release;
		};
/* End XCBuildConfiguration section */

/* Begin XCConfigurationList section */
		18C4B5E81F5FF025002430E4 /* Build configuration list for PBXProject "ZJPlayer" */ = {
			isa = XCConfigurationList;
			buildConfigurations = (
				18C4B6021F5FF025002430E4 /* Debug */,
				18C4B6031F5FF025002430E4 /* Release */,
			);
			defaultConfigurationIsVisible = 0;
			defaultConfigurationName = Release;
		};
		18C4B6041F5FF025002430E4 /* Build configuration list for PBXNativeTarget "ZJPlayer" */ = {
			isa = XCConfigurationList;
			buildConfigurations = (
				18C4B6051F5FF025002430E4 /* Debug */,
				18C4B6061F5FF025002430E4 /* Release */,
			);
			defaultConfigurationIsVisible = 0;
			defaultConfigurationName = Release;
		};
/* End XCConfigurationList section */
	};
	rootObject = 18C4B5E51F5FF025002430E4 /* Project object */;
}
